
Microsoft Visual Studio Solution File, Format Version 12.00
# Visual Studio Version 16
VisualStudioVersion = 16.0.29613.14
MinimumVisualStudioVersion = 10.0.40219.1
Project("{FAE04EC0-301F-11D3-BF4B-00C04F79EFBC}") = "MyGameAsteroids", "MyGameAsteroids.csproj", "{0A9EB19F-6AF3-4779-8DF0-020108903066}"
EndProject
Global
	GlobalSection(SolutionConfigurationPlatforms) = preSolution
		Debug|Any CPU = Debug|Any CPU
		Release|Any CPU = Release|Any CPU
	EndGlobalSection
	GlobalSection(ProjectConfigurationPlatforms) = postSolution
		{0A9EB19F-6AF3-4779-8DF0-020108903066}.Debug|Any CPU.ActiveCfg = Debug|Any CPU
		{0A9EB19F-6AF3-4779-8DF0-020108903066}.Debug|Any CPU.Build.0 = Debug|Any CPU
		{0A9EB19F-6AF3-4779-8DF0-020108903066}.Release|Any CPU.ActiveCfg = Release|Any CPU
		{0A9EB19F-6AF3-4779-8DF0-020108903066}.Release|Any CPU.Build.0 = Release|Any CPU
	EndGlobalSection
	GlobalSection(SolutionProperties) = preSolution
		HideSolutionNode = FALSE
	EndGlobalSection
	GlobalSection(ExtensibilityGlobals) = postSolution
		SolutionGuid = {023E52B6-3376-407C-8508-46A95182B2BD}
	EndGlobalSection
EndGlobal
